# THIS IS AN AUTOGENERATED FILE. DO NOT EDIT THIS FILE DIRECTLY.
# yarn lockfile v1


commander@^2.19.0:
  version "2.19.0"
  resolved "https://registry.yarnpkg.com/commander/-/commander-2.19.0.tgz#f6198aa84e5b83c46054b94ddedbfed5ee9ff12a"
  integrity sha512-6tvAOO+D6OENvRAh524Dh9jcfKTYDQAqvqezbCW82xj5X0pSrcpxtvRKHLG0yBY6SD7PSDrJaj+0AiOcKVd1Xg==

fast-redact@^1.4.2:
  version "1.4.4"
  resolved "https://registry.yarnpkg.com/fast-redact/-/fast-redact-1.4.4.tgz#d29bd1d0cc3ab808a9d4f9870f6e27e85c750db4"
  integrity sha512-QOQZ8sDDQPZMJ6x6zlm6hLZ2cjPDqfN3R/AYnAbM+yy8VNPvOnVXdUF/E/xbMv7g44c1krhWuzgjH2u0V5Vhsg==

fast-safe-stringify@^2.0.6:
  version "2.0.6"
  resolved "https://registry.yarnpkg.com/fast-safe-stringify/-/fast-safe-stringify-2.0.6.tgz#04b26106cc56681f51a044cfc0d76cf0008ac2c2"
  integrity sha512-q8BZ89jjc+mz08rSxROs8VsrBBcn1SIw1kq9NjolL509tkABRk9io01RAjSaEv1Xb2uFLt8VtRiZbGp5H8iDtg==

flatstr@^1.0.9:
  version "1.0.9"
  resolved "https://registry.yarnpkg.com/flatstr/-/flatstr-1.0.9.tgz#0950d56fec02de1030c1311847ecd58c25690eb9"
  integrity sha512-qFlJnOBWDfIaunF54/lBqNKmXOI0HqNhu+mHkLmbaBXlS71PUd9OjFOdyevHt/aHoHB1+eW7eKHgRKOG5aHSpw==

google-protobuf@^3.6.1:
  version "3.6.1"
  resolved "https://registry.yarnpkg.com/google-protobuf/-/google-protobuf-3.6.1.tgz#7ef58e2bea137a93cdaf5cfd5afa5f6abdd92025"
  integrity sha512-SJYemeX5GjDLPnadcmCNQePQHCS4Hl5fOcI/JawqDIYFhCmrtYAjcx/oTQx/Wi8UuCuZQhfvftbmPePPAYHFtA==

nats@^1.2.2:
  version "1.2.2"
  resolved "https://registry.yarnpkg.com/nats/-/nats-1.2.2.tgz#0f6f290f146d0daa2c5906f98e7c5e00a75be539"
  integrity sha512-uGHVNvmXboHYYgxpF4ENLkjCgoUAIx33seYs3g+qiDQzxuM28qoi7xq5mnFwOYfYMNC7kGVGk9/WiXTItpOxPQ==
  dependencies:
    nuid "^1.0.0"
    ts-nkeys "^1.0.8"

node-nats-streaming@^0.0.52:
  version "0.0.52"
  resolved "https://registry.yarnpkg.com/node-nats-streaming/-/node-nats-streaming-0.0.52.tgz#a2512dbe055c7ac75e396a044346404e457bf520"
  integrity sha512-+trLawZadOijRGbFQZszGOs/mpd2VDLTSpKA1oVbvUKU1w7Q+BbD4eBP5HLx0RERXJZQbugvsReUH8HmWvUfpw==
  dependencies:
    google-protobuf "^3.6.1"
    nats "^1.2.2"
    nuid "^1.0.0"

nuid@^1.0.0:
  version "1.0.0"
  resolved "https://registry.yarnpkg.com/nuid/-/nuid-1.0.0.tgz#04ecc21be41cc321940a9089984382f3bdc61638"
  integrity sha512-046ukkoG8NXjiJMpQYLpGhYJIXJlClt2rDlnubCXN1/pztO/YTD2WkhyBZsEADsUwVtVMv5UmC0B2QrT5sZiDQ==

pino-std-serializers@^2.3.0:
  version "2.3.0"
  resolved "https://registry.yarnpkg.com/pino-std-serializers/-/pino-std-serializers-2.3.0.tgz#34eeaab97c055c28e22c0542ae55978e7e427786"
  integrity sha512-klfGoOsP6sJH7ON796G4xoUSx2fkpFgKHO4YVVO2zmz31jR+etzc/QzGJILaOIiCD6HTCFgkPx+XN8nk+ruqPw==

pino@^5.11.1:
  version "5.11.1"
  resolved "https://registry.yarnpkg.com/pino/-/pino-5.11.1.tgz#2d6d8edb7ebc7c354be03bfa04fd436352e1d67b"
  integrity sha512-NIua0mGb9Adknq35ONvQmvh93LCUVUjp2+1q1EcvIkJmpJnSd3E5rHVKlKNjzMXFl/z3fI+QA0xXCjPEKNiLvQ==
  dependencies:
    fast-redact "^1.4.2"
    fast-safe-stringify "^2.0.6"
    flatstr "^1.0.9"
    pino-std-serializers "^2.3.0"
    quick-format-unescaped "^3.0.0"
    sonic-boom "^0.7.1"

quick-format-unescaped@^3.0.0:
  version "3.0.2"
  resolved "https://registry.yarnpkg.com/quick-format-unescaped/-/quick-format-unescaped-3.0.2.tgz#0137e94d8fb37ffeb70040535111c378e75396fb"
  integrity sha512-FXTaCkwvpIlkdKeGDNgcq07SXWS383noQUuZjvdE1QcTt+eLuqof6/BDiEPqB59FWLie/l91+HtlJSw7iCViSA==

sonic-boom@^0.7.1:
  version "0.7.3"
  resolved "https://registry.yarnpkg.com/sonic-boom/-/sonic-boom-0.7.3.tgz#cbfc18e87c2b8078b00e38ad9475c05fce5ea696"
  integrity sha512-A9EyoIeLD+g9vMLYQKjNCatJtAKdBQMW03+L8ZWWX/A6hq+srRCwdqHrBD1R8oSMLXov3oHN13dljtZf12q2Ow==
  dependencies:
    flatstr "^1.0.9"

ts-nkeys@^1.0.8:
  version "1.0.10"
  resolved "https://registry.yarnpkg.com/ts-nkeys/-/ts-nkeys-1.0.10.tgz#b4f978bdeea981fad6d3bc5183af6e76d6f7aa3c"
  integrity sha512-T5TPWXl8EzCIqnuauGluNNUZPZM1rfRL6oE97xFHPH44TSFDNMHPkaN4/c95MuiV+JeYyrC+edLzpHr+Gc+YEw==
  dependencies:
    tweetnacl "^1.0.0"

tweetnacl@^1.0.0:
  version "1.0.1"
  resolved "https://registry.yarnpkg.com/tweetnacl/-/tweetnacl-1.0.1.tgz#2594d42da73cd036bd0d2a54683dd35a6b55ca17"
  integrity sha512-kcoMoKTPYnoeS50tzoqjPY3Uv9axeuuFAZY9M/9zFnhoVvRfxz9K29IMPD7jGmt2c8SW7i3gT9WqDl2+nV7p4A==
